
Microsoft Visual Studio Solution File, Format Version 12.00
# Visual Studio Version 16
VisualStudioVersion = 16.0.29403.142
MinimumVisualStudioVersion = 10.0.40219.1
Project("{9A19103F-16F7-4668-BE54-9A1E7A4F7556}") = "QuickBuy.Dominio", "QuickBuy.Dominio\QuickBuy.Dominio.csproj", "{C72EC73A-8B0A-426D-83ED-5F9D1E5DF5CC}"
EndProject
Project("{FAE04EC0-301F-11D3-BF4B-00C04F79EFBC}") = "QuickBuy.Repositorio", "QuickBuy.Repositorio\QuickBuy.Repositorio.csproj", "{16FF3D68-B1E2-40B5-9891-7BA30A0683C6}"
EndProject
Project("{FAE04EC0-301F-11D3-BF4B-00C04F79EFBC}") = "QuickBuyWeb", "QuickBuyWeb\QuickBuyWeb.csproj", "{99BBEA4E-4756-4C3F-AE4C-6C8E5D083BCD}"
EndProject
Global
	GlobalSection(SolutionConfigurationPlatforms) = preSolution
		Debug|Any CPU = Debug|Any CPU
		Release|Any CPU = Release|Any CPU
	EndGlobalSection
	GlobalSection(ProjectConfigurationPlatforms) = postSolution
		{C72EC73A-8B0A-426D-83ED-5F9D1E5DF5CC}.Debug|Any CPU.ActiveCfg = Debug|Any CPU
		{C72EC73A-8B0A-426D-83ED-5F9D1E5DF5CC}.Debug|Any CPU.Build.0 = Debug|Any CPU
		{C72EC73A-8B0A-426D-83ED-5F9D1E5DF5CC}.Release|Any CPU.ActiveCfg = Release|Any CPU
		{C72EC73A-8B0A-426D-83ED-5F9D1E5DF5CC}.Release|Any CPU.Build.0 = Release|Any CPU
		{16FF3D68-B1E2-40B5-9891-7BA30A0683C6}.Debug|Any CPU.ActiveCfg = Debug|Any CPU
		{16FF3D68-B1E2-40B5-9891-7BA30A0683C6}.Debug|Any CPU.Build.0 = Debug|Any CPU
		{16FF3D68-B1E2-40B5-9891-7BA30A0683C6}.Release|Any CPU.ActiveCfg = Release|Any CPU
		{16FF3D68-B1E2-40B5-9891-7BA30A0683C6}.Release|Any CPU.Build.0 = Release|Any CPU
		{99BBEA4E-4756-4C3F-AE4C-6C8E5D083BCD}.Debug|Any CPU.ActiveCfg = Debug|Any CPU
		{99BBEA4E-4756-4C3F-AE4C-6C8E5D083BCD}.Debug|Any CPU.Build.0 = Debug|Any CPU
		{99BBEA4E-4756-4C3F-AE4C-6C8E5D083BCD}.Release|Any CPU.ActiveCfg = Release|Any CPU
		{99BBEA4E-4756-4C3F-AE4C-6C8E5D083BCD}.Release|Any CPU.Build.0 = Release|Any CPU
	EndGlobalSection
	GlobalSection(SolutionProperties) = preSolution
		HideSolutionNode = FALSE
	EndGlobalSection
	GlobalSection(ExtensibilityGlobals) = postSolution
		SolutionGuid = {C99A446F-F439-446D-BA0E-66EEC2798D0E}
	EndGlobalSection
EndGlobal
